// !$*UTF8*$!
{
	archiveVersion = 1;
	classes = {
	};
	objectVersion = 55;
	objects = {

/* Begin PBXBuildFile section */
		A5137F3E27DE21320098069F /* User.swift in Sources */ = {isa = PBXBuildFile; fileRef = A5137F3D27DE21320098069F /* User.swift */; };
		A5137F4027DE29980098069F /* UserAboutViewController.swift in Sources */ = {isa = PBXBuildFile; fileRef = A5137F3F27DE29980098069F /* UserAboutViewController.swift */; };
		A564F1E227D75D110041CDCD /* AppDelegate.swift in Sources */ = {isa = PBXBuildFile; fileRef = A564F1E127D75D110041CDCD /* AppDelegate.swift */; };
		A564F1E427D75D110041CDCD /* SceneDelegate.swift in Sources */ = {isa = PBXBuildFile; fileRef = A564F1E327D75D110041CDCD /* SceneDelegate.swift */; };
		A564F1E627D75D110041CDCD /* LoginViewController.swift in Sources */ = {isa = PBXBuildFile; fileRef = A564F1E527D75D110041CDCD /* LoginViewController.swift */; };
		A564F1E927D75D110041CDCD /* Main.storyboard in Resources */ = {isa = PBXBuildFile; fileRef = A564F1E727D75D110041CDCD /* Main.storyboard */; };
		A564F1EB27D75D110041CDCD /* Assets.xcassets in Resources */ = {isa = PBXBuildFile; fileRef = A564F1EA27D75D110041CDCD /* Assets.xcassets */; };
		A564F1EE27D75D110041CDCD /* LaunchScreen.storyboard in Resources */ = {isa = PBXBuildFile; fileRef = A564F1EC27D75D110041CDCD /* LaunchScreen.storyboard */; };
		A5FA355627D8DFA90031E726 /* WelcomeViewController.swift in Sources */ = {isa = PBXBuildFile; fileRef = A5FA355527D8DFA90031E726 /* WelcomeViewController.swift */; };
/* End PBXBuildFile section */

/* Begin PBXFileReference section */
		A5137F3D27DE21320098069F /* User.swift */ = {isa = PBXFileReference; lastKnownFileType = sourcecode.swift; path = User.swift; sourceTree = "<group>"; };
		A5137F3F27DE29980098069F /* UserAboutViewController.swift */ = {isa = PBXFileReference; lastKnownFileType = sourcecode.swift; path = UserAboutViewController.swift; sourceTree = "<group>"; };
		A564F1DE27D75D110041CDCD /* WelcomeUserApp.app */ = {isa = PBXFileReference; explicitFileType = wrapper.application; includeInIndex = 0; path = WelcomeUserApp.app; sourceTree = BUILT_PRODUCTS_DIR; };
		A564F1E127D75D110041CDCD /* AppDelegate.swift */ = {isa = PBXFileReference; lastKnownFileType = sourcecode.swift; path = AppDelegate.swift; sourceTree = "<group>"; };
		A564F1E327D75D110041CDCD /* SceneDelegate.swift */ = {isa = PBXFileReference; lastKnownFileType = sourcecode.swift; path = SceneDelegate.swift; sourceTree = "<group>"; };
		A564F1E527D75D110041CDCD /* LoginViewController.swift */ = {isa = PBXFileReference; lastKnownFileType = sourcecode.swift; path = LoginViewController.swift; sourceTree = "<group>"; };
		A564F1E827D75D110041CDCD /* Base */ = {isa = PBXFileReference; lastKnownFileType = file.storyboard; name = Base; path = Base.lproj/Main.storyboard; sourceTree = "<group>"; };
		A564F1EA27D75D110041CDCD /* Assets.xcassets */ = {isa = PBXFileReference; lastKnownFileType = folder.assetcatalog; path = Assets.xcassets; sourceTree = "<group>"; };
		A564F1ED27D75D110041CDCD /* Base */ = {isa = PBXFileReference; lastKnownFileType = file.storyboard; name = Base; path = Base.lproj/LaunchScreen.storyboard; sourceTree = "<group>"; };
		A564F1EF27D75D110041CDCD /* Info.plist */ = {isa = PBXFileReference; lastKnownFileType = text.plist.xml; path = Info.plist; sourceTree = "<group>"; };
		A5FA355527D8DFA90031E726 /* WelcomeViewController.swift */ = {isa = PBXFileReference; lastKnownFileType = sourcecode.swift; path = WelcomeViewController.swift; sourceTree = "<group>"; };
/* End PBXFileReference section */

/* Begin PBXFrameworksBuildPhase section */
		A564F1DB27D75D110041CDCD /* Frameworks */ = {
			isa = PBXFrameworksBuildPhase;
			buildActionMask = 2147483647;
			files = (
			);
			runOnlyForDeploymentPostprocessing = 0;
		};
/* End PBXFrameworksBuildPhase section */

/* Begin PBXGroup section */
		A5137F4327DE49000098069F /* ViewControllers */ = {
			isa = PBXGroup;
			children = (
				A564F1E527D75D110041CDCD /* LoginViewController.swift */,
				A5FA355527D8DFA90031E726 /* WelcomeViewController.swift */,
				A5137F3F27DE29980098069F /* UserAboutViewController.swift */,
			);
			path = ViewControllers;
			sourceTree = "<group>";
		};
		A5137F4427DE490D0098069F /* Models */ = {
			isa = PBXGroup;
			children = (
				A5137F3D27DE21320098069F /* User.swift */,
			);
			path = Models;
			sourceTree = "<group>";
		};
		A5137F4527DE495C0098069F /* App */ = {
			isa = PBXGroup;
			children = (
				A564F1E127D75D110041CDCD /* AppDelegate.swift */,
				A564F1E327D75D110041CDCD /* SceneDelegate.swift */,
				A564F1EF27D75D110041CDCD /* Info.plist */,
			);
			path = App;
			sourceTree = "<group>";
		};
		A5137F4627DE49790098069F /* Resources */ = {
			isa = PBXGroup;
			children = (
				A564F1EA27D75D110041CDCD /* Assets.xcassets */,
			);
			path = Resources;
			sourceTree = "<group>";
		};
		A5137F4727DE49970098069F /* Storyboards */ = {
			isa = PBXGroup;
			children = (
				A564F1E727D75D110041CDCD /* Main.storyboard */,
				A564F1EC27D75D110041CDCD /* LaunchScreen.storyboard */,
			);
			path = Storyboards;
			sourceTree = "<group>";
		};
		A564F1D527D75D110041CDCD = {
			isa = PBXGroup;
			children = (
				A564F1E027D75D110041CDCD /* WelcomeUserApp */,
				A564F1DF27D75D110041CDCD /* Products */,
			);
			sourceTree = "<group>";
		};
		A564F1DF27D75D110041CDCD /* Products */ = {
			isa = PBXGroup;
			children = (
				A564F1DE27D75D110041CDCD /* WelcomeUserApp.app */,
			);
			name = Products;
			sourceTree = "<group>";
		};
		A564F1E027D75D110041CDCD /* WelcomeUserApp */ = {
			isa = PBXGroup;
			children = (
				A5137F4327DE49000098069F /* ViewControllers */,
				A5137F4427DE490D0098069F /* Models */,
				A5137F4727DE49970098069F /* Storyboards */,
				A5137F4627DE49790098069F /* Resources */,
				A5137F4527DE495C0098069F /* App */,
			);
			path = WelcomeUserApp;
			sourceTree = "<group>";
		};
/* End PBXGroup section */

/* Begin PBXNativeTarget section */
		A564F1DD27D75D110041CDCD /* WelcomeUserApp */ = {
			isa = PBXNativeTarget;
			buildConfigurationList = A564F1F227D75D110041CDCD /* Build configuration list for PBXNativeTarget "WelcomeUserApp" */;
			buildPhases = (
				A564F1DA27D75D110041CDCD /* Sources */,
				A564F1DB27D75D110041CDCD /* Frameworks */,
				A564F1DC27D75D110041CDCD /* Resources */,
			);
			buildRules = (
			);
			dependencies = (
			);
			name = WelcomeUserApp;
			productName = WelcomeUserApp;
			productReference = A564F1DE27D75D110041CDCD /* WelcomeUserApp.app */;
			productType = "com.apple.product-type.application";
		};
/* End PBXNativeTarget section */

/* Begin PBXProject section */
		A564F1D627D75D110041CDCD /* Project object */ = {
			isa = PBXProject;
			attributes = {
				BuildIndependentTargetsInParallel = 1;
				LastSwiftUpdateCheck = 1320;
				LastUpgradeCheck = 1320;
				TargetAttributes = {
					A564F1DD27D75D110041CDCD = {
						CreatedOnToolsVersion = 13.2;
					};
				};
			};
			buildConfigurationList = A564F1D927D75D110041CDCD /* Build configuration list for PBXProject "WelcomeUserApp" */;
			compatibilityVersion = "Xcode 13.0";
			developmentRegion = en;
			hasScannedForEncodings = 0;
			knownRegions = (
				en,
				Base,
			);
			mainGroup = A564F1D527D75D110041CDCD;
			productRefGroup = A564F1DF27D75D110041CDCD /* Products */;
			projectDirPath = "";
			projectRoot = "";
			targets = (
				A564F1DD27D75D110041CDCD /* WelcomeUserApp */,
			);
		};
/* End PBXProject section */

/* Begin PBXResourcesBuildPhase section */
		A564F1DC27D75D110041CDCD /* Resources */ = {
			isa = PBXResourcesBuildPhase;
			buildActionMask = 2147483647;
			files = (
				A564F1EE27D75D110041CDCD /* LaunchScreen.storyboard in Resources */,
				A564F1EB27D75D110041CDCD /* Assets.xcassets in Resources */,
				A564F1E927D75D110041CDCD /* Main.storyboard in Resources */,
			);
			runOnlyForDeploymentPostprocessing = 0;
		};
/* End PBXResourcesBuildPhase section */

/* Begin PBXSourcesBuildPhase section */
		A564F1DA27D75D110041CDCD /* Sources */ = {
			isa = PBXSourcesBuildPhase;
			buildActionMask = 2147483647;
			files = (
				A5137F3E27DE21320098069F /* User.swift in Sources */,
				A5137F4027DE29980098069F /* UserAboutViewController.swift in Sources */,
				A564F1E627D75D110041CDCD /* LoginViewController.swift in Sources */,
				A5FA355627D8DFA90031E726 /* WelcomeViewController.swift in Sources */,
				A564F1E227D75D110041CDCD /* AppDelegate.swift in Sources */,
				A564F1E427D75D110041CDCD /* SceneDelegate.swift in Sources */,
			);
			runOnlyForDeploymentPostprocessing = 0;
		};
/* End PBXSourcesBuildPhase section */

/* Begin PBXVariantGroup section */
		A564F1E727D75D110041CDCD /* Main.storyboard */ = {
			isa = PBXVariantGroup;
			children = (
				A564F1E827D75D110041CDCD /* Base */,
			);
			name = Main.storyboard;
			sourceTree = "<group>";
		};
		A564F1EC27D75D110041CDCD /* LaunchScreen.storyboard */ = {
			isa = PBXVariantGroup;
			children = (
				A564F1ED27D75D110041CDCD /* Base */,
			);
			name = LaunchScreen.storyboard;
			sourceTree = "<group>";
		};
/* End PBXVariantGroup section */

/* Begin XCBuildConfiguration section */
		A564F1F027D75D110041CDCD /* Debug */ = {
			isa = XCBuildConfiguration;
			buildSettings = {
				ALWAYS_SEARCH_USER_PATHS = NO;
				CLANG_ANALYZER_NONNULL = YES;
				CLANG_ANALYZER_NUMBER_OBJECT_CONVERSION = YES_AGGRESSIVE;
				CLANG_CXX_LANGUAGE_STANDARD = "gnu++17";
				CLANG_CXX_LIBRARY = "libc++";
				CLANG_ENABLE_MODULES = YES;
				CLANG_ENABLE_OBJC_ARC = YES;
				CLANG_ENABLE_OBJC_WEAK = YES;
				CLANG_WARN_BLOCK_CAPTURE_AUTORELEASING = YES;
				CLANG_WARN_BOOL_CONVERSION = YES;
				CLANG_WARN_COMMA = YES;
				CLANG_WARN_CONSTANT_CONVERSION = YES;
				CLANG_WARN_DEPRECATED_OBJC_IMPLEMENTATIONS = YES;
				CLANG_WARN_DIRECT_OBJC_ISA_USAGE = YES_ERROR;
				CLANG_WARN_DOCUMENTATION_COMMENTS = YES;
				CLANG_WARN_EMPTY_BODY = YES;
				CLANG_WARN_ENUM_CONVERSION = YES;
				CLANG_WARN_INFINITE_RECURSION = YES;
				CLANG_WARN_INT_CONVERSION = YES;
				CLANG_WARN_NON_LITERAL_NULL_CONVERSION = YES;
				CLANG_WARN_OBJC_IMPLICIT_RETAIN_SELF = YES;
				CLANG_WARN_OBJC_LITERAL_CONVERSION = YES;
				CLANG_WARN_OBJC_ROOT_CLASS = YES_ERROR;
				CLANG_WARN_QUOTED_INCLUDE_IN_FRAMEWORK_HEADER = YES;
				CLANG_WARN_RANGE_LOOP_ANALYSIS = YES;
				CLANG_WARN_STRICT_PROTOTYPES = YES;
				CLANG_WARN_SUSPICIOUS_MOVE = YES;
				CLANG_WARN_UNGUARDED_AVAILABILITY = YES_AGGRESSIVE;
				CLANG_WARN_UNREACHABLE_CODE = YES;
				CLANG_WARN__DUPLICATE_METHOD_MATCH = YES;
				COPY_PHASE_STRIP = NO;
				DEBUG_INFORMATION_FORMAT = dwarf;
				ENABLE_STRICT_OBJC_MSGSEND = YES;
				ENABLE_TESTABILITY = YES;
				GCC_C_LANGUAGE_STANDARD = gnu11;
				GCC_DYNAMIC_NO_PIC = NO;
				GCC_NO_COMMON_BLOCKS = YES;
				GCC_OPTIMIZATION_LEVEL = 0;
				GCC_PREPROCESSOR_DEFINITIONS = (
					"DEBUG=1",
					"$(inherited)",
				);
				GCC_WARN_64_TO_32_BIT_CONVERSION = YES;
				GCC_WARN_ABOUT_RETURN_TYPE = YES_ERROR;
				GCC_WARN_UNDECLARED_SELECTOR = YES;
				GCC_WARN_UNINITIALIZED_AUTOS = YES_AGGRESSIVE;
				GCC_WARN_UNUSED_FUNCTION = YES;
				GCC_WARN_UNUSED_VARIABLE = YES;
				IPHONEOS_DEPLOYMENT_TARGET = 15.2;
				MTL_ENABLE_DEBUG_INFO = INCLUDE_SOURCE;
				MTL_FAST_MATH = YES;
				ONLY_ACTIVE_ARCH = YES;
				SDKROOT = iphoneos;
				SWIFT_ACTIVE_COMPILATION_CONDITIONS = DEBUG;
				SWIFT_OPTIMIZATION_LEVEL = "-Onone";
			};
			name = Debug;
		};
		A564F1F127D75D110041CDCD /* Release */ = {
			isa = XCBuildConfiguration;
			buildSettings = {
				ALWAYS_SEARCH_USER_PATHS = NO;
				CLANG_ANALYZER_NONNULL = YES;
				CLANG_ANALYZER_NUMBER_OBJECT_CONVERSION = YES_AGGRESSIVE;
				CLANG_CXX_LANGUAGE_STANDARD = "gnu++17";
				CLANG_CXX_LIBRARY = "libc++";
				CLANG_ENABLE_MODULES = YES;
				CLANG_ENABLE_OBJC_ARC = YES;
				CLANG_ENABLE_OBJC_WEAK = YES;
				CLANG_WARN_BLOCK_CAPTURE_AUTORELEASING = YES;
				CLANG_WARN_BOOL_CONVERSION = YES;
				CLANG_WARN_COMMA = YES;
				CLANG_WARN_CONSTANT_CONVERSION = YES;
				CLANG_WARN_DEPRECATED_OBJC_IMPLEMENTATIONS = YES;
				CLANG_WARN_DIRECT_OBJC_ISA_USAGE = YES_ERROR;
				CLANG_WARN_DOCUMENTATION_COMMENTS = YES;
				CLANG_WARN_EMPTY_BODY = YES;
				CLANG_WARN_ENUM_CONVERSION = YES;
				CLANG_WARN_INFINITE_RECURSION = YES;
				CLANG_WARN_INT_CONVERSION = YES;
				CLANG_WARN_NON_LITERAL_NULL_CONVERSION = YES;
				CLANG_WARN_OBJC_IMPLICIT_RETAIN_SELF = YES;
				CLANG_WARN_OBJC_LITERAL_CONVERSION = YES;
				CLANG_WARN_OBJC_ROOT_CLASS = YES_ERROR;
				CLANG_WARN_QUOTED_INCLUDE_IN_FRAMEWORK_HEADER = YES;
				CLANG_WARN_RANGE_LOOP_ANALYSIS = YES;
				CLANG_WARN_STRICT_PROTOTYPES = YES;
				CLANG_WARN_SUSPICIOUS_MOVE = YES;
				CLANG_WARN_UNGUARDED_AVAILABILITY = YES_AGGRESSIVE;
				CLANG_WARN_UNREACHABLE_CODE = YES;
				CLANG_WARN__DUPLICATE_METHOD_MATCH = YES;
				COPY_PHASE_STRIP = NO;
				DEBUG_INFORMATION_FORMAT = "dwarf-with-dsym";
				ENABLE_NS_ASSERTIONS = NO;
				ENABLE_STRICT_OBJC_MSGSEND = YES;
				GCC_C_LANGUAGE_STANDARD = gnu11;
				GCC_NO_COMMON_BLOCKS = YES;
				GCC_WARN_64_TO_32_BIT_CONVERSION = YES;
				GCC_WARN_ABOUT_RETURN_TYPE = YES_ERROR;
				GCC_WARN_UNDECLARED_SELECTOR = YES;
				GCC_WARN_UNINITIALIZED_AUTOS = YES_AGGRESSIVE;
				GCC_WARN_UNUSED_FUNCTION = YES;
				GCC_WARN_UNUSED_VARIABLE = YES;
				IPHONEOS_DEPLOYMENT_TARGET = 15.2;
				MTL_ENABLE_DEBUG_INFO = NO;
				MTL_FAST_MATH = YES;
				SDKROOT = iphoneos;
				SWIFT_COMPILATION_MODE = wholemodule;
				SWIFT_OPTIMIZATION_LEVEL = "-O";
				VALIDATE_PRODUCT = YES;
			};
			name = Release;
		};
		A564F1F327D75D110041CDCD /* Debug */ = {
			isa = XCBuildConfiguration;
			buildSettings = {
				ASSETCATALOG_COMPILER_APPICON_NAME = AppIcon;
				ASSETCATALOG_COMPILER_GLOBAL_ACCENT_COLOR_NAME = AccentColor;
				ASSETCATALOG_COMPILER_INCLUDE_ALL_APPICON_ASSETS = NO;
				CODE_SIGN_STYLE = Automatic;
				CURRENT_PROJECT_VERSION = 1;
				DEVELOPMENT_TEAM = L7M6FD6244;
				GENERATE_INFOPLIST_FILE = YES;
				INFOPLIST_FILE = WelcomeUserApp/App/Info.plist;
				INFOPLIST_KEY_UIApplicationSupportsIndirectInputEvents = YES;
				INFOPLIST_KEY_UILaunchStoryboardName = LaunchScreen;
				INFOPLIST_KEY_UIMainStoryboardFile = LaunchScreen;
				INFOPLIST_KEY_UISupportedInterfaceOrientations = UIInterfaceOrientationPortrait;
				INFOPLIST_KEY_UISupportedInterfaceOrientations_iPad = "UIInterfaceOrientationPortrait UIInterfaceOrientationPortraitUpsideDown UIInterfaceOrientationLandscapeLeft UIInterfaceOrientationLandscapeRight";
				INFOPLIST_KEY_UISupportedInterfaceOrientations_iPhone = UIInterfaceOrientationPortrait;
				LD_RUNPATH_SEARCH_PATHS = (
					"$(inherited)",
					"@executable_path/Frameworks",
				);
				MARKETING_VERSION = 1.0;
				PRODUCT_BUNDLE_IDENTIFIER = com.daniil.WelcomeUserApp;
				PRODUCT_NAME = "$(TARGET_NAME)";
				SWIFT_EMIT_LOC_STRINGS = YES;
				SWIFT_VERSION = 5.0;
				TARGETED_DEVICE_FAMILY = "1,2";
			};
			name = Debug;
		};
		A564F1F427D75D110041CDCD /* Release */ = {
			isa = XCBuildConfiguration;
			buildSettings = {
				ASSETCATALOG_COMPILER_APPICON_NAME = AppIcon;
				ASSETCATALOG_COMPILER_GLOBAL_ACCENT_COLOR_NAME = AccentColor;
				ASSETCATALOG_COMPILER_INCLUDE_ALL_APPICON_ASSETS = NO;
				CODE_SIGN_STYLE = Automatic;
				CURRENT_PROJECT_VERSION = 1;
				DEVELOPMENT_TEAM = L7M6FD6244;
				GENERATE_INFOPLIST_FILE = YES;
				INFOPLIST_FILE = WelcomeUserApp/App/Info.plist;
				INFOPLIST_KEY_UIApplicationSupportsIndirectInputEvents = YES;
				INFOPLIST_KEY_UILaunchStoryboardName = LaunchScreen;
				INFOPLIST_KEY_UIMainStoryboardFile = LaunchScreen;
				INFOPLIST_KEY_UISupportedInterfaceOrientations = UIInterfaceOrientationPortrait;
				INFOPLIST_KEY_UISupportedInterfaceOrientations_iPad = "UIInterfaceOrientationPortrait UIInterfaceOrientationPortraitUpsideDown UIInterfaceOrientationLandscapeLeft UIInterfaceOrientationLandscapeRight";
				INFOPLIST_KEY_UISupportedInterfaceOrientations_iPhone = UIInterfaceOrientationPortrait;
				LD_RUNPATH_SEARCH_PATHS = (
					"$(inherited)",
					"@executable_path/Frameworks",
				);
				MARKETING_VERSION = 1.0;
				PRODUCT_BUNDLE_IDENTIFIER = com.daniil.WelcomeUserApp;
				PRODUCT_NAME = "$(TARGET_NAME)";
				SWIFT_EMIT_LOC_STRINGS = YES;
				SWIFT_VERSION = 5.0;
				TARGETED_DEVICE_FAMILY = "1,2";
			};
			name = Release;
		};
/* End XCBuildConfiguration section */

/* Begin XCConfigurationList section */
		A564F1D927D75D110041CDCD /* Build configuration list for PBXProject "WelcomeUserApp" */ = {
			isa = XCConfigurationList;
			buildConfigurations = (
				A564F1F027D75D110041CDCD /* Debug */,
				A564F1F127D75D110041CDCD /* Release */,
			);
			defaultConfigurationIsVisible = 0;
			defaultConfigurationName = Release;
		};
		A564F1F227D75D110041CDCD /* Build configuration list for PBXNativeTarget "WelcomeUserApp" */ = {
			isa = XCConfigurationList;
			buildConfigurations = (
				A564F1F327D75D110041CDCD /* Debug */,
				A564F1F427D75D110041CDCD /* Release */,
			);
			defaultConfigurationIsVisible = 0;
			defaultConfigurationName = Release;
		};
/* End XCConfigurationList section */
	};
	rootObject = A564F1D627D75D110041CDCD /* Project object */;
}
